
Microsoft Visual Studio Solution File, Format Version 12.00
Project("{FAE04EC0-301F-11D3-BF4B-00C04F79EFBC}") = "mp3Player", "mp3Player.csproj", "{486E11E8-D07D-4568-9FE9-A9881CABBC82}"
EndProject
Global
	GlobalSection(SolutionConfigurationPlatforms) = preSolution
		Debug|Any CPU = Debug|Any CPU
		Release|Any CPU = Release|Any CPU
	EndGlobalSection
	GlobalSection(ProjectConfigurationPlatforms) = postSolution
		{486E11E8-D07D-4568-9FE9-A9881CABBC82}.Debug|Any CPU.ActiveCfg = Debug|Any CPU
		{486E11E8-D07D-4568-9FE9-A9881CABBC82}.Debug|Any CPU.Build.0 = Debug|Any CPU
		{486E11E8-D07D-4568-9FE9-A9881CABBC82}.Release|Any CPU.ActiveCfg = Release|Any CPU
		{486E11E8-D07D-4568-9FE9-A9881CABBC82}.Release|Any CPU.Build.0 = Release|Any CPU
	EndGlobalSection
EndGlobal
